
Microsoft Visual Studio Solution File, Format Version 12.00
# Visual Studio Version 16
VisualStudioVersion = 16.0.31702.278
MinimumVisualStudioVersion = 10.0.40219.1
Project("{FAE04EC0-301F-11D3-BF4B-00C04F79EFBC}") = "AdventOfCode2015P1", "AdventOfCode2015P1\AdventOfCode2015P1.csproj", "{B549D146-1155-44D8-B3A1-C22DCB2B0F07}"
EndProject
Global
	GlobalSection(SolutionConfigurationPlatforms) = preSolution
		Debug|Any CPU = Debug|Any CPU
		Release|Any CPU = Release|Any CPU
	EndGlobalSection
	GlobalSection(ProjectConfigurationPlatforms) = postSolution
		{B549D146-1155-44D8-B3A1-C22DCB2B0F07}.Debug|Any CPU.ActiveCfg = Debug|Any CPU
		{B549D146-1155-44D8-B3A1-C22DCB2B0F07}.Debug|Any CPU.Build.0 = Debug|Any CPU
		{B549D146-1155-44D8-B3A1-C22DCB2B0F07}.Release|Any CPU.ActiveCfg = Release|Any CPU
		{B549D146-1155-44D8-B3A1-C22DCB2B0F07}.Release|Any CPU.Build.0 = Release|Any CPU
	EndGlobalSection
	GlobalSection(SolutionProperties) = preSolution
		HideSolutionNode = FALSE
	EndGlobalSection
	GlobalSection(ExtensibilityGlobals) = postSolution
		SolutionGuid = {3A0BA856-1DB3-473A-9486-5DE96E30CEC5}
	EndGlobalSection
EndGlobal
